
Microsoft Visual Studio Solution File, Format Version 12.00
# Visual Studio 15
Project("{FAE04EC0-301F-11D3-BF4B-00C04F79EFBC}") = "Assembly-CSharp", "Assembly-CSharp.csproj", "{8BAD605B-FCB8-10DF-924A-63F1002E1111}"
EndProject
Project("{FAE04EC0-301F-11D3-BF4B-00C04F79EFBC}") = "Assembly-CSharp-Editor", "Assembly-CSharp-Editor.csproj", "{011BD2C8-292D-EA68-600C-F997C47EFD9C}"
EndProject
Project("{FAE04EC0-301F-11D3-BF4B-00C04F79EFBC}") = "GoogleMobileAds.Editor", "GoogleMobileAds.Editor.csproj", "{D957DF49-51E9-DAD6-ED86-9C11817CA618}"
EndProject
Global
	GlobalSection(SolutionConfigurationPlatforms) = preSolution
		Debug|Any CPU = Debug|Any CPU
		Release|Any CPU = Release|Any CPU
	EndGlobalSection
	GlobalSection(ProjectConfigurationPlatforms) = postSolution
		{8BAD605B-FCB8-10DF-924A-63F1002E1111}.Debug|Any CPU.ActiveCfg = Debug|Any CPU
		{8BAD605B-FCB8-10DF-924A-63F1002E1111}.Debug|Any CPU.Build.0 = Debug|Any CPU
		{8BAD605B-FCB8-10DF-924A-63F1002E1111}.Release|Any CPU.ActiveCfg = Release|Any CPU
		{8BAD605B-FCB8-10DF-924A-63F1002E1111}.Release|Any CPU.Build.0 = Release|Any CPU
		{011BD2C8-292D-EA68-600C-F997C47EFD9C}.Debug|Any CPU.ActiveCfg = Debug|Any CPU
		{011BD2C8-292D-EA68-600C-F997C47EFD9C}.Debug|Any CPU.Build.0 = Debug|Any CPU
		{011BD2C8-292D-EA68-600C-F997C47EFD9C}.Release|Any CPU.ActiveCfg = Release|Any CPU
		{011BD2C8-292D-EA68-600C-F997C47EFD9C}.Release|Any CPU.Build.0 = Release|Any CPU
		{D957DF49-51E9-DAD6-ED86-9C11817CA618}.Debug|Any CPU.ActiveCfg = Debug|Any CPU
		{D957DF49-51E9-DAD6-ED86-9C11817CA618}.Debug|Any CPU.Build.0 = Debug|Any CPU
		{D957DF49-51E9-DAD6-ED86-9C11817CA618}.Release|Any CPU.ActiveCfg = Release|Any CPU
		{D957DF49-51E9-DAD6-ED86-9C11817CA618}.Release|Any CPU.Build.0 = Release|Any CPU
	EndGlobalSection
	GlobalSection(SolutionProperties) = preSolution
		HideSolutionNode = FALSE
	EndGlobalSection
EndGlobal
